<?xml version="1.0" encoding="utf-8"?>
<Project ToolsVersion="4.0" xmlns="http://schemas.microsoft.com/developer/msbuild/2003">
  <ItemGroup>
    <Filter Include="Header Files">
      <UniqueIdentifier>{93995380-89BD-4b04-88EB-625FBE52EBFB}</UniqueIdentifier>
      <Extensions>h;hpp;hxx;hm;inl;inc;xsd</Extensions>
    </Filter>
    <Filter Include="Resource Files">
      <UniqueIdentifier>{67DA6AB6-F800-4c08-8B7A-83BB121AAD01}</UniqueIdentifier>
      <Extensions>rc;ico;cur;bmp;dlg;rc2;rct;bin;rgs;gif;jpg;jpeg;jpe;resx</Extensions>
    </Filter>
    <Filter Include="Source Files">
      <UniqueIdentifier>{4FC737F1-C7A5-4376-A066-2A32D752A2FF}</UniqueIdentifier>
      <Extensions>cpp;c;cxx;def;odl;idl;hpj;bat;asm;asmx</Extensions>
    </Filter>
  </ItemGroup>
  <ItemGroup>
    <ClCompile Include="source\application.cpp">
      <Filter>Source Files</Filter>
    </ClCompile>
    <ClCompile Include="source\AutoHotkey.cpp">
      <Filter>Source Files</Filter>
    </ClCompile>
    <ClCompile Include="source\clipboard.cpp">
      <Filter>Source Files</Filter>
    </ClCompile>
    <ClCompile Include="source\Debugger.cpp">
      <Filter>Source Files</Filter>
    </ClCompile>
    <ClCompile Include="source\globaldata.cpp">
      <Filter>Source Files</Filter>
    </ClCompile>
    <ClCompile Include="source\hook.cpp">
      <Filter>Source Files</Filter>
    </ClCompile>
    <ClCompile Include="source\hotkey.cpp">
      <Filter>Source Files</Filter>
    </ClCompile>
    <ClCompile Include="source\keyboard_mouse.cpp">
      <Filter>Source Files</Filter>
    </ClCompile>
    <ClCompile Include="source\mt19937ar-cok.cpp">
      <Filter>Source Files</Filter>
    </ClCompile>
    <ClCompile Include="source\os_version.cpp">
      <Filter>Source Files</Filter>
    </ClCompile>
    <ClCompile Include="source\script.cpp">
      <Filter>Source Files</Filter>
    </ClCompile>
    <ClCompile Include="source\script2.cpp">
      <Filter>Source Files</Filter>
    </ClCompile>
    <ClCompile Include="source\script_autoit.cpp">
      <Filter>Source Files</Filter>
    </ClCompile>
    <ClCompile Include="source\script_expression.cpp">
      <Filter>Source Files</Filter>
    </ClCompile>
    <ClCompile Include="source\script_gui.cpp">
      <Filter>Source Files</Filter>
    </ClCompile>
    <ClCompile Include="source\script_menu.cpp">
      <Filter>Source Files</Filter>
    </ClCompile>
    <ClCompile Include="source\script_object.cpp">
      <Filter>Source Files</Filter>
    </ClCompile>
    <ClCompile Include="source\script_object_bif.cpp">
      <Filter>Source Files</Filter>
    </ClCompile>
    <ClCompile Include="source\script_registry.cpp">
      <Filter>Source Files</Filter>
    </ClCompile>
    <ClCompile Include="source\SimpleHeap.cpp">
      <Filter>Source Files</Filter>
    </ClCompile>
    <ClCompile Include="source\stdafx.cpp">
      <Filter>Source Files</Filter>
    </ClCompile>
    <ClCompile Include="source\StringConv.cpp">
      <Filter>Source Files</Filter>
    </ClCompile>
    <ClCompile Include="source\TextIO.cpp">
      <Filter>Source Files</Filter>
    </ClCompile>
    <ClCompile Include="source\util.cpp">
      <Filter>Source Files</Filter>
    </ClCompile>
    <ClCompile Include="source\var.cpp">
      <Filter>Source Files</Filter>
    </ClCompile>
    <ClCompile Include="source\window.cpp">
      <Filter>Source Files</Filter>
    </ClCompile>
    <ClCompile Include="source\WinGroup.cpp">
      <Filter>Source Files</Filter>
    </ClCompile>
  </ItemGroup>
  <ItemGroup>
    <ClInclude Include="source\application.h">
      <Filter>Header Files</Filter>
    </ClInclude>
    <ClInclude Include="source\clipboard.h">
      <Filter>Header Files</Filter>
    </ClInclude>
    <ClInclude Include="source\config.h">
      <Filter>Header Files</Filter>
    </ClInclude>
    <ClInclude Include="source\debug.h">
      <Filter>Header Files</Filter>
    </ClInclude>
    <ClInclude Include="source\Debugger.h">
      <Filter>Header Files</Filter>
    </ClInclude>
    <ClInclude Include="source\defines.h">
      <Filter>Header Files</Filter>
    </ClInclude>
    <ClInclude Include="source\globaldata.h">
      <Filter>Header Files</Filter>
    </ClInclude>
    <ClInclude Include="source\hook.h">
      <Filter>Header Files</Filter>
    </ClInclude>
    <ClInclude Include="source\hotkey.h">
      <Filter>Header Files</Filter>
    </ClInclude>
    <ClInclude Include="source\keyboard_mouse.h">
      <Filter>Header Files</Filter>
    </ClInclude>
    <ClInclude Include="source\KuString.h">
      <Filter>Header Files</Filter>
    </ClInclude>
    <ClInclude Include="source\lib\exearc_read.h">
      <Filter>Header Files</Filter>
    </ClInclude>
    <ClInclude Include="source\lib_pcre\pcre\pcre.h">
      <Filter>Header Files</Filter>
    </ClInclude>
    <ClInclude Include="source\mt19937ar-cok.h">
      <Filter>Header Files</Filter>
    </ClInclude>
    <ClInclude Include="source\os_version.h">
      <Filter>Header Files</Filter>
    </ClInclude>
    <ClInclude Include="source\qmath.h">
      <Filter>Header Files</Filter>
    </ClInclude>
    <ClInclude Include="source\resources\resource.h">
      <Filter>Header Files</Filter>
    </ClInclude>
    <ClInclude Include="source\script.h">
      <Filter>Header Files</Filter>
    </ClInclude>
    <ClInclude Include="source\script_object.h">
      <Filter>Header Files</Filter>
    </ClInclude>
    <ClInclude Include="source\SimpleHeap.h">
      <Filter>Header Files</Filter>
    </ClInclude>
    <ClInclude Include="source\stdafx.h">
      <Filter>Header Files</Filter>
    </ClInclude>
    <ClInclude Include="source\StringConv.h">
      <Filter>Header Files</Filter>
    </ClInclude>
    <ClInclude Include="source\TextIO.h">
      <Filter>Header Files</Filter>
    </ClInclude>
    <ClInclude Include="source\util.h">
      <Filter>Header Files</Filter>
    </ClInclude>
    <ClInclude Include="source\var.h">
      <Filter>Header Files</Filter>
    </ClInclude>
    <ClInclude Include="source\window.h">
      <Filter>Header Files</Filter>
    </ClInclude>
    <ClInclude Include="source\WinGroup.h">
      <Filter>Header Files</Filter>
    </ClInclude>
  </ItemGroup>
  <ItemGroup>
    <None Include="source\misc\function_order_for_linker_optimization.txt" />
    <None Include="source\resources\AutoHotkey.exe.manifest">
      <Filter>Resource Files</Filter>
    </None>
    <None Include="source\resources\icon_filetype.ico">
      <Filter>Resource Files</Filter>
    </None>
    <None Include="source\resources\icon_main.ico">
      <Filter>Resource Files</Filter>
    </None>
    <None Include="source\resources\icon_pause.ico">
      <Filter>Resource Files</Filter>
    </None>
    <None Include="source\resources\icon_pause_suspend.ico">
      <Filter>Resource Files</Filter>
    </None>
    <None Include="source\resources\icon_suspend.ico">
      <Filter>Resource Files</Filter>
    </None>
    <None Include="source\resources\icon_tray_win9x.ico">
      <Filter>Resource Files</Filter>
    </None>
    <None Include="source\resources\icon_tray_win9x_suspend.ico">
      <Filter>Resource Files</Filter>
    </None>
  </ItemGroup>
  <ItemGroup>
    <ResourceCompile Include="source\resources\AutoHotkey.rc">
      <Filter>Resource Files</Filter>
    </ResourceCompile>
  </ItemGroup>
</Project>